
Microsoft Visual Studio Solution File, Format Version 11.00
# Visual Studio 2010
Project("{FAE04EC0-301F-11D3-BF4B-00C04F79EFBC}") = "Unity.Timeline", "Unity.Timeline.csproj", "{46b70005-2777-3c08-ae42-ea27f42331b0}"
EndProject
Project("{FAE04EC0-301F-11D3-BF4B-00C04F79EFBC}") = "Unity.VisualEffectGraph.Editor", "Unity.VisualEffectGraph.Editor.csproj", "{e7e69b5c-e3ab-ac98-3465-b259bae1ed39}"
EndProject
Project("{FAE04EC0-301F-11D3-BF4B-00C04F79EFBC}") = "Unity.ShaderGraph.Editor", "Unity.ShaderGraph.Editor.csproj", "{b254195c-77b0-da71-0bfc-ee01ecb6f61e}"
EndProject
Project("{FAE04EC0-301F-11D3-BF4B-00C04F79EFBC}") = "Assembly-CSharp", "Assembly-CSharp.csproj", "{8297d7c1-668a-d664-dff5-41520415f524}"
EndProject
Project("{FAE04EC0-301F-11D3-BF4B-00C04F79EFBC}") = "Unity.InputSystem", "Unity.InputSystem.csproj", "{6b83c9f4-7f56-a943-8828-51e8a75914f3}"
EndProject
Project("{FAE04EC0-301F-11D3-BF4B-00C04F79EFBC}") = "Unity.PlasticSCM.Editor", "Unity.PlasticSCM.Editor.csproj", "{ecc1fb91-cca6-d2c5-1e61-abf16d8237d0}"
EndProject
Project("{FAE04EC0-301F-11D3-BF4B-00C04F79EFBC}") = "AmplifyShaderEditor", "AmplifyShaderEditor.csproj", "{93bdff84-3818-f488-72a3-a04287c56c49}"
EndProject
Project("{FAE04EC0-301F-11D3-BF4B-00C04F79EFBC}") = "Unity.VisualScripting.Flow", "Unity.VisualScripting.Flow.csproj", "{29e469a5-749f-eaf1-ef55-d5f47994437b}"
EndProject
Project("{FAE04EC0-301F-11D3-BF4B-00C04F79EFBC}") = "Unity.RenderPipelines.Universal.Runtime", "Unity.RenderPipelines.Universal.Runtime.csproj", "{cda9c0b7-8d84-aef2-0570-5103cbf73f8f}"
EndProject
Project("{FAE04EC0-301F-11D3-BF4B-00C04F79EFBC}") = "UnityEditor.UI", "UnityEditor.UI.csproj", "{4f644e03-7368-e12d-2ddc-c69bdcecb7b1}"
EndProject
Project("{FAE04EC0-301F-11D3-BF4B-00C04F79EFBC}") = "Unity.Timeline.Editor", "Unity.Timeline.Editor.csproj", "{46366e2e-5ad4-5120-7906-2acb4c2763da}"
EndProject
Project("{FAE04EC0-301F-11D3-BF4B-00C04F79EFBC}") = "Unity.RenderPipelines.Core.Runtime", "Unity.RenderPipelines.Core.Runtime.csproj", "{9433afe3-6a28-f3e6-6c2d-cc8816d30110}"
EndProject
Project("{FAE04EC0-301F-11D3-BF4B-00C04F79EFBC}") = "Unity.Mathematics", "Unity.Mathematics.csproj", "{710d8f09-b542-6544-abfb-3cacfdfeedd3}"
EndProject
Project("{FAE04EC0-301F-11D3-BF4B-00C04F79EFBC}") = "Unity.RenderPipelines.Core.Editor", "Unity.RenderPipelines.Core.Editor.csproj", "{393565e0-8b60-bbf1-5002-39e492112397}"
EndProject
Project("{FAE04EC0-301F-11D3-BF4B-00C04F79EFBC}") = "spine-unity-examples", "spine-unity-examples.csproj", "{c1570e6b-5fa6-56e2-eb51-b5d1dc81907b}"
EndProject
Project("{FAE04EC0-301F-11D3-BF4B-00C04F79EFBC}") = "Unity.VisualScripting.Core.Editor", "Unity.VisualScripting.Core.Editor.csproj", "{7a399a40-121b-d861-e215-71270be7f462}"
EndProject
Project("{FAE04EC0-301F-11D3-BF4B-00C04F79EFBC}") = "UnityEditor.TestRunner", "UnityEditor.TestRunner.csproj", "{559ec434-9296-6274-64da-d3d8742a08d9}"
EndProject
Project("{FAE04EC0-301F-11D3-BF4B-00C04F79EFBC}") = "Unity.RenderPipelines.Universal.Editor", "Unity.RenderPipelines.Universal.Editor.csproj", "{54c06cb3-ec45-ee80-3bc3-1100e605c426}"
EndProject
Project("{FAE04EC0-301F-11D3-BF4B-00C04F79EFBC}") = "Unity.TextMeshPro.Editor", "Unity.TextMeshPro.Editor.csproj", "{42161481-f503-da62-0509-8f43e5d52d07}"
EndProject
Project("{FAE04EC0-301F-11D3-BF4B-00C04F79EFBC}") = "Unity.VisualScripting.Flow.Editor", "Unity.VisualScripting.Flow.Editor.csproj", "{e97b0843-2a57-a133-3cf8-0f123ff201f0}"
EndProject
Project("{FAE04EC0-301F-11D3-BF4B-00C04F79EFBC}") = "UnityEngine.TestRunner", "UnityEngine.TestRunner.csproj", "{c3867d42-ddae-1a1e-0919-bc05e2abfee0}"
EndProject
Project("{FAE04EC0-301F-11D3-BF4B-00C04F79EFBC}") = "Unity.VisualScripting.Core", "Unity.VisualScripting.Core.csproj", "{8b64a56d-b25a-49d4-ed46-f58f65fd904f}"
EndProject
Project("{FAE04EC0-301F-11D3-BF4B-00C04F79EFBC}") = "Unity.Searcher.Editor", "Unity.Searcher.Editor.csproj", "{bab9ee84-329f-5ab5-9ec6-382c9461d7f9}"
EndProject
Project("{FAE04EC0-301F-11D3-BF4B-00C04F79EFBC}") = "Unity.Burst", "Unity.Burst.csproj", "{a029fe8e-9d50-9c85-5de4-4f5c014f079f}"
EndProject
Project("{FAE04EC0-301F-11D3-BF4B-00C04F79EFBC}") = "spine-unity", "spine-unity.csproj", "{0988f295-7454-c435-f5fc-33274ad0853b}"
EndProject
Project("{FAE04EC0-301F-11D3-BF4B-00C04F79EFBC}") = "Unity.VisualStudio.Editor", "Unity.VisualStudio.Editor.csproj", "{f615235b-3b73-73ff-ac60-157eacf1c9ee}"
EndProject
Project("{FAE04EC0-301F-11D3-BF4B-00C04F79EFBC}") = "PPv2URPConverters", "PPv2URPConverters.csproj", "{90019a2b-f6e0-d2de-e3ae-2660014993fa}"
EndProject
Project("{FAE04EC0-301F-11D3-BF4B-00C04F79EFBC}") = "Unity.Rider.Editor", "Unity.Rider.Editor.csproj", "{eda7e3cd-6180-80a2-c73d-bfe85648723d}"
EndProject
Project("{FAE04EC0-301F-11D3-BF4B-00C04F79EFBC}") = "spine-unity-editor", "spine-unity-editor.csproj", "{80b0e2e0-e955-51e3-865b-c1499227a59c}"
EndProject
Project("{FAE04EC0-301F-11D3-BF4B-00C04F79EFBC}") = "spine-csharp", "spine-csharp.csproj", "{cc05bfbf-c4ed-11dc-b3e7-ec0fd4797500}"
EndProject
Project("{FAE04EC0-301F-11D3-BF4B-00C04F79EFBC}") = "Unity.CollabProxy.Editor", "Unity.CollabProxy.Editor.csproj", "{317f5b10-78e0-69b3-5221-e5d193a71ce0}"
EndProject
Project("{FAE04EC0-301F-11D3-BF4B-00C04F79EFBC}") = "Unity.VisualEffectGraph.Runtime", "Unity.VisualEffectGraph.Runtime.csproj", "{782fe60d-2cf2-0bc7-e303-8f187400763f}"
EndProject
Project("{FAE04EC0-301F-11D3-BF4B-00C04F79EFBC}") = "Unity.VisualScripting.State.Editor", "Unity.VisualScripting.State.Editor.csproj", "{dc5997e6-8446-d13a-5076-dce68f33c1a6}"
EndProject
Project("{FAE04EC0-301F-11D3-BF4B-00C04F79EFBC}") = "UnityEngine.UI", "UnityEngine.UI.csproj", "{8dcca48a-f77b-a0f4-914e-5840f961f0ff}"
EndProject
Project("{FAE04EC0-301F-11D3-BF4B-00C04F79EFBC}") = "Unity.Burst.CodeGen", "Unity.Burst.CodeGen.csproj", "{dc2270a5-41e6-0efc-6c29-83d6c6be6b19}"
EndProject
Project("{FAE04EC0-301F-11D3-BF4B-00C04F79EFBC}") = "Unity.RenderPipeline.Universal.ShaderLibrary", "Unity.RenderPipeline.Universal.ShaderLibrary.csproj", "{8b43f9e3-f55b-247d-0e60-3d50e9a76748}"
EndProject
Project("{FAE04EC0-301F-11D3-BF4B-00C04F79EFBC}") = "Unity.VisualScripting.State", "Unity.VisualScripting.State.csproj", "{eb55ebce-6783-8500-b92b-09b1c8d9ae3a}"
EndProject
Project("{FAE04EC0-301F-11D3-BF4B-00C04F79EFBC}") = "Unity.TextMeshPro", "Unity.TextMeshPro.csproj", "{43f895d6-6a0e-2234-63fa-bdc3aeea9f60}"
EndProject
Project("{FAE04EC0-301F-11D3-BF4B-00C04F79EFBC}") = "Unity.VisualScripting.SettingsProvider.Editor", "Unity.VisualScripting.SettingsProvider.Editor.csproj", "{f648e61e-bcfc-c636-5f46-226e30a7b9e2}"
EndProject
Project("{FAE04EC0-301F-11D3-BF4B-00C04F79EFBC}") = "Unity.Burst.Editor", "Unity.Burst.Editor.csproj", "{d6285167-92a7-6156-2640-e1f1f0fe4096}"
EndProject
Project("{FAE04EC0-301F-11D3-BF4B-00C04F79EFBC}") = "Unity.RenderPipelines.Universal.2D.Internal", "Unity.RenderPipelines.Universal.2D.Internal.csproj", "{0dfc59e0-b386-2bcb-5c30-8dd325c966c5}"
EndProject
Project("{FAE04EC0-301F-11D3-BF4B-00C04F79EFBC}") = "Assembly-CSharp-Editor", "Assembly-CSharp-Editor.csproj", "{5e95c18c-df46-4398-5639-e472670587f1}"
EndProject
Project("{FAE04EC0-301F-11D3-BF4B-00C04F79EFBC}") = "Unity.InputSystem.DocCodeSamples", "Unity.InputSystem.DocCodeSamples.csproj", "{013dec50-cf59-068c-edd6-ea4b5b71064c}"
EndProject
Project("{FAE04EC0-301F-11D3-BF4B-00C04F79EFBC}") = "Coffee.UIParticle", "Coffee.UIParticle.csproj", "{1c6fbe56-df44-21d0-3c41-12f43f473534}"
EndProject
Project("{FAE04EC0-301F-11D3-BF4B-00C04F79EFBC}") = "Unity.InputSystem.ForUI", "Unity.InputSystem.ForUI.csproj", "{8c1a7380-1848-a77c-f5b4-d1f6485791ac}"
EndProject
Project("{FAE04EC0-301F-11D3-BF4B-00C04F79EFBC}") = "Unity.Mathematics.Editor", "Unity.Mathematics.Editor.csproj", "{9270d897-dd9f-9c59-6f6c-b2c7173bda76}"
EndProject
Project("{FAE04EC0-301F-11D3-BF4B-00C04F79EFBC}") = "Coffee.UIParticle.Editor", "Coffee.UIParticle.Editor.csproj", "{590e7e41-2ac1-5918-754b-efa1b3afa13c}"
EndProject
Project("{FAE04EC0-301F-11D3-BF4B-00C04F79EFBC}") = "Unity.InputSystem.TestFramework", "Unity.InputSystem.TestFramework.csproj", "{c3b2eec9-bfd8-40a4-0e4f-ec54c1bb9bd6}"
EndProject
Project("{FAE04EC0-301F-11D3-BF4B-00C04F79EFBC}") = "Unity.ShaderGraph.Utilities", "Unity.ShaderGraph.Utilities.csproj", "{e0d4a939-51c5-2b4d-5632-ee0fc16d8ede}"
EndProject
Project("{FAE04EC0-301F-11D3-BF4B-00C04F79EFBC}") = "spine-unity-examples-editor", "spine-unity-examples-editor.csproj", "{e95310f4-8037-c347-0c86-198e641d42b3}"
EndProject
Project("{FAE04EC0-301F-11D3-BF4B-00C04F79EFBC}") = "Unity.VisualScripting.Shared.Editor", "Unity.VisualScripting.Shared.Editor.csproj", "{ec0aabb3-551f-733f-695d-7e87f33d78dc}"
EndProject
Project("{FAE04EC0-301F-11D3-BF4B-00C04F79EFBC}") = "Unity.RenderPipelines.Universal.Config.Runtime", "Unity.RenderPipelines.Universal.Config.Runtime.csproj", "{e3ad31c3-70c7-760c-10f9-356e150548b4}"
EndProject
Project("{FAE04EC0-301F-11D3-BF4B-00C04F79EFBC}") = "Unity.RenderPipelines.ShaderGraph.ShaderGraphLibrary", "Unity.RenderPipelines.ShaderGraph.ShaderGraphLibrary.csproj", "{596cd55e-f6bc-3c10-243e-bb76bcc8dce6}"
EndProject
Project("{FAE04EC0-301F-11D3-BF4B-00C04F79EFBC}") = "Unity.RenderPipelines.Core.ShaderLibrary", "Unity.RenderPipelines.Core.ShaderLibrary.csproj", "{ca49cbf4-9329-74d1-7920-2c09dff34c21}"
EndProject
Project("{FAE04EC0-301F-11D3-BF4B-00C04F79EFBC}") = "Unity.RenderPipelines.Universal.Shaders", "Unity.RenderPipelines.Universal.Shaders.csproj", "{13340336-7371-6c6d-9032-f6b52465ec7f}"
EndProject
Project("{FAE04EC0-301F-11D3-BF4B-00C04F79EFBC}") = "Unity.Timeline", "Unity.Timeline.Player.csproj", "{981702e8-8721-fd42-46fc-50361e6bf05e}"
EndProject
Project("{FAE04EC0-301F-11D3-BF4B-00C04F79EFBC}") = "Assembly-CSharp", "Assembly-CSharp.Player.csproj", "{cfe49123-1bef-c5e0-2149-6859d2eaaec3}"
EndProject
Project("{FAE04EC0-301F-11D3-BF4B-00C04F79EFBC}") = "Unity.InputSystem", "Unity.InputSystem.Player.csproj", "{93fde735-cb11-059c-6448-6917e027eb70}"
EndProject
Project("{FAE04EC0-301F-11D3-BF4B-00C04F79EFBC}") = "Unity.VisualScripting.Flow", "Unity.VisualScripting.Flow.Player.csproj", "{ce68de50-3935-95aa-d171-acc62709f3aa}"
EndProject
Project("{FAE04EC0-301F-11D3-BF4B-00C04F79EFBC}") = "Unity.RenderPipelines.Universal.Runtime", "Unity.RenderPipelines.Universal.Runtime.Player.csproj", "{68bb6197-77a5-4c34-a7e6-7bf33636257f}"
EndProject
Project("{FAE04EC0-301F-11D3-BF4B-00C04F79EFBC}") = "Unity.RenderPipelines.Core.Runtime", "Unity.RenderPipelines.Core.Runtime.Player.csproj", "{f3e40e15-db0b-e343-0be1-fb856cc152a0}"
EndProject
Project("{FAE04EC0-301F-11D3-BF4B-00C04F79EFBC}") = "Unity.Mathematics", "Unity.Mathematics.Player.csproj", "{ab4d862c-7ac1-0b7b-0ac3-e0b8c41303d1}"
EndProject
Project("{FAE04EC0-301F-11D3-BF4B-00C04F79EFBC}") = "spine-unity-examples", "spine-unity-examples.Player.csproj", "{aeb42225-01eb-f3c5-a7e9-2e750a44bbb3}"
EndProject
Project("{FAE04EC0-301F-11D3-BF4B-00C04F79EFBC}") = "UnityEngine.TestRunner", "UnityEngine.TestRunner.Player.csproj", "{2e4b5c34-d2d6-742f-e6ab-df204eaf4b8f}"
EndProject
Project("{FAE04EC0-301F-11D3-BF4B-00C04F79EFBC}") = "Unity.VisualScripting.Core", "Unity.VisualScripting.Core.Player.csproj", "{7877ad68-2274-f67b-612d-43e49bead03e}"
EndProject
Project("{FAE04EC0-301F-11D3-BF4B-00C04F79EFBC}") = "Unity.Burst", "Unity.Burst.Player.csproj", "{84d8b2b4-0174-1799-071c-47066f5fe551}"
EndProject
Project("{FAE04EC0-301F-11D3-BF4B-00C04F79EFBC}") = "spine-unity", "spine-unity.Player.csproj", "{54db12e3-ee57-81a3-a554-cbc50e6bcbe9}"
EndProject
Project("{FAE04EC0-301F-11D3-BF4B-00C04F79EFBC}") = "spine-csharp", "spine-csharp.Player.csproj", "{ef173967-afac-30f5-f709-662069bf2fbf}"
EndProject
Project("{FAE04EC0-301F-11D3-BF4B-00C04F79EFBC}") = "Unity.VisualEffectGraph.Runtime", "Unity.VisualEffectGraph.Runtime.Player.csproj", "{de469e2d-67b8-5b4f-ae30-3cea9e6b3274}"
EndProject
Project("{FAE04EC0-301F-11D3-BF4B-00C04F79EFBC}") = "UnityEngine.UI", "UnityEngine.UI.Player.csproj", "{324646ee-0d83-b360-36c0-64db887ca83d}"
EndProject
Project("{FAE04EC0-301F-11D3-BF4B-00C04F79EFBC}") = "Unity.RenderPipeline.Universal.ShaderLibrary", "Unity.RenderPipeline.Universal.ShaderLibrary.Player.csproj", "{b733d151-bbe4-6ef3-021f-3b2eee95a305}"
EndProject
Project("{FAE04EC0-301F-11D3-BF4B-00C04F79EFBC}") = "Unity.VisualScripting.State", "Unity.VisualScripting.State.Player.csproj", "{fe5673f5-d8f3-7f98-9771-9d6b7ec29b61}"
EndProject
Project("{FAE04EC0-301F-11D3-BF4B-00C04F79EFBC}") = "Unity.TextMeshPro", "Unity.TextMeshPro.Player.csproj", "{95335f3b-8fd9-cb09-6c0a-94a791649c0e}"
EndProject
Project("{FAE04EC0-301F-11D3-BF4B-00C04F79EFBC}") = "Unity.RenderPipelines.Universal.2D.Internal", "Unity.RenderPipelines.Universal.2D.Internal.Player.csproj", "{e86d775d-a8c8-2ecf-a2ce-4784f0a1bc44}"
EndProject
Project("{FAE04EC0-301F-11D3-BF4B-00C04F79EFBC}") = "Coffee.UIParticle", "Coffee.UIParticle.Player.csproj", "{6512467e-4a5b-35b2-d9ca-f0bf8f230c44}"
EndProject
Project("{FAE04EC0-301F-11D3-BF4B-00C04F79EFBC}") = "Unity.InputSystem.ForUI", "Unity.InputSystem.ForUI.Player.csproj", "{850d81a3-d187-3df7-a1b3-664e39a9aa5b}"
EndProject
Project("{FAE04EC0-301F-11D3-BF4B-00C04F79EFBC}") = "Unity.InputSystem.TestFramework", "Unity.InputSystem.TestFramework.Player.csproj", "{d30acdc6-8e91-b19c-7b46-529627fc99e5}"
EndProject
Project("{FAE04EC0-301F-11D3-BF4B-00C04F79EFBC}") = "Unity.RenderPipelines.Universal.Config.Runtime", "Unity.RenderPipelines.Universal.Config.Runtime.Player.csproj", "{29d6ec48-a508-0cba-e196-0503e0bacd9b}"
EndProject
Project("{FAE04EC0-301F-11D3-BF4B-00C04F79EFBC}") = "Unity.RenderPipelines.ShaderGraph.ShaderGraphLibrary", "Unity.RenderPipelines.ShaderGraph.ShaderGraphLibrary.Player.csproj", "{95e41e06-fe4f-3141-a937-2083c77e9010}"
EndProject
Project("{FAE04EC0-301F-11D3-BF4B-00C04F79EFBC}") = "Unity.RenderPipelines.Core.ShaderLibrary", "Unity.RenderPipelines.Core.ShaderLibrary.Player.csproj", "{32b1ea54-e90f-2176-c4cd-5d540bd7f219}"
EndProject
Project("{FAE04EC0-301F-11D3-BF4B-00C04F79EFBC}") = "Unity.RenderPipelines.Universal.Shaders", "Unity.RenderPipelines.Universal.Shaders.Player.csproj", "{68b4b90c-e889-16f3-671e-2744db3c3429}"
EndProject
Project("{FAE04EC0-301F-11D3-BF4B-00C04F79EFBC}") = "Unity.Mathematics.Tests", "Unity.Mathematics.Tests.csproj", "{bd69069c-f5ed-c6cd-61d2-5dddfe8ab28c}"
EndProject
Project("{FAE04EC0-301F-11D3-BF4B-00C04F79EFBC}") = "Unity.RenderPipelines.Core.Editor.Tests", "Unity.RenderPipelines.Core.Editor.Tests.csproj", "{75aa7fb6-01bc-19af-6820-9a7e521e3f20}"
EndProject
Project("{FAE04EC0-301F-11D3-BF4B-00C04F79EFBC}") = "Unity.RenderPipelines.Universal.Config.Editor.Tests", "Unity.RenderPipelines.Universal.Config.Editor.Tests.csproj", "{2e87d979-a881-431e-df42-097f52a2c5be}"
EndProject
Project("{FAE04EC0-301F-11D3-BF4B-00C04F79EFBC}") = "Unity.VisualEffectGraph.Editor.Tests", "Unity.VisualEffectGraph.Editor.Tests.csproj", "{d1d29b76-cbce-68a2-9358-51912d9ab53c}"
EndProject
Project("{FAE04EC0-301F-11D3-BF4B-00C04F79EFBC}") = "Unity.Searcher.EditorTests", "Unity.Searcher.EditorTests.csproj", "{3887c1e5-cee5-8569-438b-851a9d4dc092}"
EndProject
Project("{FAE04EC0-301F-11D3-BF4B-00C04F79EFBC}") = "Unity.TextMeshPro.Editor.Tests", "Unity.TextMeshPro.Editor.Tests.csproj", "{da12c4ac-38e3-1725-c326-7242971ca7ec}"
EndProject
Project("{FAE04EC0-301F-11D3-BF4B-00C04F79EFBC}") = "DocCodeExamples", "DocCodeExamples.csproj", "{aaf39cd4-e64b-4479-df38-cb9a963935de}"
EndProject
Project("{FAE04EC0-301F-11D3-BF4B-00C04F79EFBC}") = "Unity.RenderPipelines.Universal.Editor.Tests", "Unity.RenderPipelines.Universal.Editor.Tests.csproj", "{f35cae4e-dc42-7d38-9c59-ef5d51d1813f}"
EndProject
Project("{FAE04EC0-301F-11D3-BF4B-00C04F79EFBC}") = "UnityEngine.UI.Tests", "UnityEngine.UI.Tests.csproj", "{7bab0da3-1b65-d006-ef8a-5d241359dc1c}"
EndProject
Project("{FAE04EC0-301F-11D3-BF4B-00C04F79EFBC}") = "Unity.InputSystem.IntegrationTests", "Unity.InputSystem.IntegrationTests.csproj", "{a9001594-9201-0d0b-46d4-7c07c1effbd6}"
EndProject
Project("{FAE04EC0-301F-11D3-BF4B-00C04F79EFBC}") = "Unity.TextMeshPro.Tests", "Unity.TextMeshPro.Tests.csproj", "{2e6f1ada-8d27-2303-5cd4-011035be1077}"
EndProject
Project("{FAE04EC0-301F-11D3-BF4B-00C04F79EFBC}") = "UnityEditor.UI.EditorTests", "UnityEditor.UI.EditorTests.csproj", "{f8462943-e28f-bb73-df6e-47097fd20635}"
EndProject
Project("{FAE04EC0-301F-11D3-BF4B-00C04F79EFBC}") = "Unity.RenderPipelines.Universal.Runtime.Tests", "Unity.RenderPipelines.Universal.Runtime.Tests.csproj", "{17430765-5a6d-3085-6dd4-bfb0e602ae0f}"
EndProject
Project("{FAE04EC0-301F-11D3-BF4B-00C04F79EFBC}") = "Unity.VisualEffectGraph.Runtime.Tests", "Unity.VisualEffectGraph.Runtime.Tests.csproj", "{01465a82-d9f7-1cd9-55b2-c69de0d3d738}"
EndProject
Project("{FAE04EC0-301F-11D3-BF4B-00C04F79EFBC}") = "Unity.RenderPipelines.Core.Runtime.Tests", "Unity.RenderPipelines.Core.Runtime.Tests.csproj", "{0af1f4e5-7759-3ed9-3cf3-32c623c7cedb}"
EndProject
Project("{FAE04EC0-301F-11D3-BF4B-00C04F79EFBC}") = "Unity.ShaderGraph.Editor.Tests", "Unity.ShaderGraph.Editor.Tests.csproj", "{c9bb36db-6318-c458-132d-76878536e8bf}"
EndProject
Global
	GlobalSection(SolutionConfigurationPlatforms) = preSolution
		Debug|Any CPU = Debug|Any CPU
	EndGlobalSection
	GlobalSection(ProjectConfigurationPlatforms) = postSolution
		{46b70005-2777-3c08-ae42-ea27f42331b0}.Debug|Any CPU.ActiveCfg = Debug|Any CPU
		{46b70005-2777-3c08-ae42-ea27f42331b0}.Debug|Any CPU.Build.0 = Debug|Any CPU
		{e7e69b5c-e3ab-ac98-3465-b259bae1ed39}.Debug|Any CPU.ActiveCfg = Debug|Any CPU
		{e7e69b5c-e3ab-ac98-3465-b259bae1ed39}.Debug|Any CPU.Build.0 = Debug|Any CPU
		{b254195c-77b0-da71-0bfc-ee01ecb6f61e}.Debug|Any CPU.ActiveCfg = Debug|Any CPU
		{b254195c-77b0-da71-0bfc-ee01ecb6f61e}.Debug|Any CPU.Build.0 = Debug|Any CPU
		{8297d7c1-668a-d664-dff5-41520415f524}.Debug|Any CPU.ActiveCfg = Debug|Any CPU
		{8297d7c1-668a-d664-dff5-41520415f524}.Debug|Any CPU.Build.0 = Debug|Any CPU
		{6b83c9f4-7f56-a943-8828-51e8a75914f3}.Debug|Any CPU.ActiveCfg = Debug|Any CPU
		{6b83c9f4-7f56-a943-8828-51e8a75914f3}.Debug|Any CPU.Build.0 = Debug|Any CPU
		{ecc1fb91-cca6-d2c5-1e61-abf16d8237d0}.Debug|Any CPU.ActiveCfg = Debug|Any CPU
		{ecc1fb91-cca6-d2c5-1e61-abf16d8237d0}.Debug|Any CPU.Build.0 = Debug|Any CPU
		{93bdff84-3818-f488-72a3-a04287c56c49}.Debug|Any CPU.ActiveCfg = Debug|Any CPU
		{93bdff84-3818-f488-72a3-a04287c56c49}.Debug|Any CPU.Build.0 = Debug|Any CPU
		{29e469a5-749f-eaf1-ef55-d5f47994437b}.Debug|Any CPU.ActiveCfg = Debug|Any CPU
		{29e469a5-749f-eaf1-ef55-d5f47994437b}.Debug|Any CPU.Build.0 = Debug|Any CPU
		{cda9c0b7-8d84-aef2-0570-5103cbf73f8f}.Debug|Any CPU.ActiveCfg = Debug|Any CPU
		{cda9c0b7-8d84-aef2-0570-5103cbf73f8f}.Debug|Any CPU.Build.0 = Debug|Any CPU
		{4f644e03-7368-e12d-2ddc-c69bdcecb7b1}.Debug|Any CPU.ActiveCfg = Debug|Any CPU
		{4f644e03-7368-e12d-2ddc-c69bdcecb7b1}.Debug|Any CPU.Build.0 = Debug|Any CPU
		{46366e2e-5ad4-5120-7906-2acb4c2763da}.Debug|Any CPU.ActiveCfg = Debug|Any CPU
		{46366e2e-5ad4-5120-7906-2acb4c2763da}.Debug|Any CPU.Build.0 = Debug|Any CPU
		{9433afe3-6a28-f3e6-6c2d-cc8816d30110}.Debug|Any CPU.ActiveCfg = Debug|Any CPU
		{9433afe3-6a28-f3e6-6c2d-cc8816d30110}.Debug|Any CPU.Build.0 = Debug|Any CPU
		{710d8f09-b542-6544-abfb-3cacfdfeedd3}.Debug|Any CPU.ActiveCfg = Debug|Any CPU
		{710d8f09-b542-6544-abfb-3cacfdfeedd3}.Debug|Any CPU.Build.0 = Debug|Any CPU
		{393565e0-8b60-bbf1-5002-39e492112397}.Debug|Any CPU.ActiveCfg = Debug|Any CPU
		{393565e0-8b60-bbf1-5002-39e492112397}.Debug|Any CPU.Build.0 = Debug|Any CPU
		{c1570e6b-5fa6-56e2-eb51-b5d1dc81907b}.Debug|Any CPU.ActiveCfg = Debug|Any CPU
		{c1570e6b-5fa6-56e2-eb51-b5d1dc81907b}.Debug|Any CPU.Build.0 = Debug|Any CPU
		{7a399a40-121b-d861-e215-71270be7f462}.Debug|Any CPU.ActiveCfg = Debug|Any CPU
		{7a399a40-121b-d861-e215-71270be7f462}.Debug|Any CPU.Build.0 = Debug|Any CPU
		{559ec434-9296-6274-64da-d3d8742a08d9}.Debug|Any CPU.ActiveCfg = Debug|Any CPU
		{559ec434-9296-6274-64da-d3d8742a08d9}.Debug|Any CPU.Build.0 = Debug|Any CPU
		{54c06cb3-ec45-ee80-3bc3-1100e605c426}.Debug|Any CPU.ActiveCfg = Debug|Any CPU
		{54c06cb3-ec45-ee80-3bc3-1100e605c426}.Debug|Any CPU.Build.0 = Debug|Any CPU
		{42161481-f503-da62-0509-8f43e5d52d07}.Debug|Any CPU.ActiveCfg = Debug|Any CPU
		{42161481-f503-da62-0509-8f43e5d52d07}.Debug|Any CPU.Build.0 = Debug|Any CPU
		{e97b0843-2a57-a133-3cf8-0f123ff201f0}.Debug|Any CPU.ActiveCfg = Debug|Any CPU
		{e97b0843-2a57-a133-3cf8-0f123ff201f0}.Debug|Any CPU.Build.0 = Debug|Any CPU
		{c3867d42-ddae-1a1e-0919-bc05e2abfee0}.Debug|Any CPU.ActiveCfg = Debug|Any CPU
		{c3867d42-ddae-1a1e-0919-bc05e2abfee0}.Debug|Any CPU.Build.0 = Debug|Any CPU
		{8b64a56d-b25a-49d4-ed46-f58f65fd904f}.Debug|Any CPU.ActiveCfg = Debug|Any CPU
		{8b64a56d-b25a-49d4-ed46-f58f65fd904f}.Debug|Any CPU.Build.0 = Debug|Any CPU
		{bab9ee84-329f-5ab5-9ec6-382c9461d7f9}.Debug|Any CPU.ActiveCfg = Debug|Any CPU
		{bab9ee84-329f-5ab5-9ec6-382c9461d7f9}.Debug|Any CPU.Build.0 = Debug|Any CPU
		{a029fe8e-9d50-9c85-5de4-4f5c014f079f}.Debug|Any CPU.ActiveCfg = Debug|Any CPU
		{a029fe8e-9d50-9c85-5de4-4f5c014f079f}.Debug|Any CPU.Build.0 = Debug|Any CPU
		{0988f295-7454-c435-f5fc-33274ad0853b}.Debug|Any CPU.ActiveCfg = Debug|Any CPU
		{0988f295-7454-c435-f5fc-33274ad0853b}.Debug|Any CPU.Build.0 = Debug|Any CPU
		{f615235b-3b73-73ff-ac60-157eacf1c9ee}.Debug|Any CPU.ActiveCfg = Debug|Any CPU
		{f615235b-3b73-73ff-ac60-157eacf1c9ee}.Debug|Any CPU.Build.0 = Debug|Any CPU
		{90019a2b-f6e0-d2de-e3ae-2660014993fa}.Debug|Any CPU.ActiveCfg = Debug|Any CPU
		{90019a2b-f6e0-d2de-e3ae-2660014993fa}.Debug|Any CPU.Build.0 = Debug|Any CPU
		{eda7e3cd-6180-80a2-c73d-bfe85648723d}.Debug|Any CPU.ActiveCfg = Debug|Any CPU
		{eda7e3cd-6180-80a2-c73d-bfe85648723d}.Debug|Any CPU.Build.0 = Debug|Any CPU
		{80b0e2e0-e955-51e3-865b-c1499227a59c}.Debug|Any CPU.ActiveCfg = Debug|Any CPU
		{80b0e2e0-e955-51e3-865b-c1499227a59c}.Debug|Any CPU.Build.0 = Debug|Any CPU
		{cc05bfbf-c4ed-11dc-b3e7-ec0fd4797500}.Debug|Any CPU.ActiveCfg = Debug|Any CPU
		{cc05bfbf-c4ed-11dc-b3e7-ec0fd4797500}.Debug|Any CPU.Build.0 = Debug|Any CPU
		{317f5b10-78e0-69b3-5221-e5d193a71ce0}.Debug|Any CPU.ActiveCfg = Debug|Any CPU
		{317f5b10-78e0-69b3-5221-e5d193a71ce0}.Debug|Any CPU.Build.0 = Debug|Any CPU
		{782fe60d-2cf2-0bc7-e303-8f187400763f}.Debug|Any CPU.ActiveCfg = Debug|Any CPU
		{782fe60d-2cf2-0bc7-e303-8f187400763f}.Debug|Any CPU.Build.0 = Debug|Any CPU
		{dc5997e6-8446-d13a-5076-dce68f33c1a6}.Debug|Any CPU.ActiveCfg = Debug|Any CPU
		{dc5997e6-8446-d13a-5076-dce68f33c1a6}.Debug|Any CPU.Build.0 = Debug|Any CPU
		{8dcca48a-f77b-a0f4-914e-5840f961f0ff}.Debug|Any CPU.ActiveCfg = Debug|Any CPU
		{8dcca48a-f77b-a0f4-914e-5840f961f0ff}.Debug|Any CPU.Build.0 = Debug|Any CPU
		{dc2270a5-41e6-0efc-6c29-83d6c6be6b19}.Debug|Any CPU.ActiveCfg = Debug|Any CPU
		{dc2270a5-41e6-0efc-6c29-83d6c6be6b19}.Debug|Any CPU.Build.0 = Debug|Any CPU
		{8b43f9e3-f55b-247d-0e60-3d50e9a76748}.Debug|Any CPU.ActiveCfg = Debug|Any CPU
		{8b43f9e3-f55b-247d-0e60-3d50e9a76748}.Debug|Any CPU.Build.0 = Debug|Any CPU
		{eb55ebce-6783-8500-b92b-09b1c8d9ae3a}.Debug|Any CPU.ActiveCfg = Debug|Any CPU
		{eb55ebce-6783-8500-b92b-09b1c8d9ae3a}.Debug|Any CPU.Build.0 = Debug|Any CPU
		{43f895d6-6a0e-2234-63fa-bdc3aeea9f60}.Debug|Any CPU.ActiveCfg = Debug|Any CPU
		{43f895d6-6a0e-2234-63fa-bdc3aeea9f60}.Debug|Any CPU.Build.0 = Debug|Any CPU
		{f648e61e-bcfc-c636-5f46-226e30a7b9e2}.Debug|Any CPU.ActiveCfg = Debug|Any CPU
		{f648e61e-bcfc-c636-5f46-226e30a7b9e2}.Debug|Any CPU.Build.0 = Debug|Any CPU
		{d6285167-92a7-6156-2640-e1f1f0fe4096}.Debug|Any CPU.ActiveCfg = Debug|Any CPU
		{d6285167-92a7-6156-2640-e1f1f0fe4096}.Debug|Any CPU.Build.0 = Debug|Any CPU
		{0dfc59e0-b386-2bcb-5c30-8dd325c966c5}.Debug|Any CPU.ActiveCfg = Debug|Any CPU
		{0dfc59e0-b386-2bcb-5c30-8dd325c966c5}.Debug|Any CPU.Build.0 = Debug|Any CPU
		{5e95c18c-df46-4398-5639-e472670587f1}.Debug|Any CPU.ActiveCfg = Debug|Any CPU
		{5e95c18c-df46-4398-5639-e472670587f1}.Debug|Any CPU.Build.0 = Debug|Any CPU
		{013dec50-cf59-068c-edd6-ea4b5b71064c}.Debug|Any CPU.ActiveCfg = Debug|Any CPU
		{013dec50-cf59-068c-edd6-ea4b5b71064c}.Debug|Any CPU.Build.0 = Debug|Any CPU
		{1c6fbe56-df44-21d0-3c41-12f43f473534}.Debug|Any CPU.ActiveCfg = Debug|Any CPU
		{1c6fbe56-df44-21d0-3c41-12f43f473534}.Debug|Any CPU.Build.0 = Debug|Any CPU
		{8c1a7380-1848-a77c-f5b4-d1f6485791ac}.Debug|Any CPU.ActiveCfg = Debug|Any CPU
		{8c1a7380-1848-a77c-f5b4-d1f6485791ac}.Debug|Any CPU.Build.0 = Debug|Any CPU
		{9270d897-dd9f-9c59-6f6c-b2c7173bda76}.Debug|Any CPU.ActiveCfg = Debug|Any CPU
		{9270d897-dd9f-9c59-6f6c-b2c7173bda76}.Debug|Any CPU.Build.0 = Debug|Any CPU
		{590e7e41-2ac1-5918-754b-efa1b3afa13c}.Debug|Any CPU.ActiveCfg = Debug|Any CPU
		{590e7e41-2ac1-5918-754b-efa1b3afa13c}.Debug|Any CPU.Build.0 = Debug|Any CPU
		{c3b2eec9-bfd8-40a4-0e4f-ec54c1bb9bd6}.Debug|Any CPU.ActiveCfg = Debug|Any CPU
		{c3b2eec9-bfd8-40a4-0e4f-ec54c1bb9bd6}.Debug|Any CPU.Build.0 = Debug|Any CPU
		{e0d4a939-51c5-2b4d-5632-ee0fc16d8ede}.Debug|Any CPU.ActiveCfg = Debug|Any CPU
		{e0d4a939-51c5-2b4d-5632-ee0fc16d8ede}.Debug|Any CPU.Build.0 = Debug|Any CPU
		{e95310f4-8037-c347-0c86-198e641d42b3}.Debug|Any CPU.ActiveCfg = Debug|Any CPU
		{e95310f4-8037-c347-0c86-198e641d42b3}.Debug|Any CPU.Build.0 = Debug|Any CPU
		{ec0aabb3-551f-733f-695d-7e87f33d78dc}.Debug|Any CPU.ActiveCfg = Debug|Any CPU
		{ec0aabb3-551f-733f-695d-7e87f33d78dc}.Debug|Any CPU.Build.0 = Debug|Any CPU
		{e3ad31c3-70c7-760c-10f9-356e150548b4}.Debug|Any CPU.ActiveCfg = Debug|Any CPU
		{e3ad31c3-70c7-760c-10f9-356e150548b4}.Debug|Any CPU.Build.0 = Debug|Any CPU
		{596cd55e-f6bc-3c10-243e-bb76bcc8dce6}.Debug|Any CPU.ActiveCfg = Debug|Any CPU
		{596cd55e-f6bc-3c10-243e-bb76bcc8dce6}.Debug|Any CPU.Build.0 = Debug|Any CPU
		{ca49cbf4-9329-74d1-7920-2c09dff34c21}.Debug|Any CPU.ActiveCfg = Debug|Any CPU
		{ca49cbf4-9329-74d1-7920-2c09dff34c21}.Debug|Any CPU.Build.0 = Debug|Any CPU
		{13340336-7371-6c6d-9032-f6b52465ec7f}.Debug|Any CPU.ActiveCfg = Debug|Any CPU
		{13340336-7371-6c6d-9032-f6b52465ec7f}.Debug|Any CPU.Build.0 = Debug|Any CPU
		{981702e8-8721-fd42-46fc-50361e6bf05e}.Debug|Any CPU.ActiveCfg = Debug|Any CPU
		{981702e8-8721-fd42-46fc-50361e6bf05e}.Debug|Any CPU.Build.0 = Debug|Any CPU
		{cfe49123-1bef-c5e0-2149-6859d2eaaec3}.Debug|Any CPU.ActiveCfg = Debug|Any CPU
		{cfe49123-1bef-c5e0-2149-6859d2eaaec3}.Debug|Any CPU.Build.0 = Debug|Any CPU
		{93fde735-cb11-059c-6448-6917e027eb70}.Debug|Any CPU.ActiveCfg = Debug|Any CPU
		{93fde735-cb11-059c-6448-6917e027eb70}.Debug|Any CPU.Build.0 = Debug|Any CPU
		{ce68de50-3935-95aa-d171-acc62709f3aa}.Debug|Any CPU.ActiveCfg = Debug|Any CPU
		{ce68de50-3935-95aa-d171-acc62709f3aa}.Debug|Any CPU.Build.0 = Debug|Any CPU
		{68bb6197-77a5-4c34-a7e6-7bf33636257f}.Debug|Any CPU.ActiveCfg = Debug|Any CPU
		{68bb6197-77a5-4c34-a7e6-7bf33636257f}.Debug|Any CPU.Build.0 = Debug|Any CPU
		{f3e40e15-db0b-e343-0be1-fb856cc152a0}.Debug|Any CPU.ActiveCfg = Debug|Any CPU
		{f3e40e15-db0b-e343-0be1-fb856cc152a0}.Debug|Any CPU.Build.0 = Debug|Any CPU
		{ab4d862c-7ac1-0b7b-0ac3-e0b8c41303d1}.Debug|Any CPU.ActiveCfg = Debug|Any CPU
		{ab4d862c-7ac1-0b7b-0ac3-e0b8c41303d1}.Debug|Any CPU.Build.0 = Debug|Any CPU
		{aeb42225-01eb-f3c5-a7e9-2e750a44bbb3}.Debug|Any CPU.ActiveCfg = Debug|Any CPU
		{aeb42225-01eb-f3c5-a7e9-2e750a44bbb3}.Debug|Any CPU.Build.0 = Debug|Any CPU
		{2e4b5c34-d2d6-742f-e6ab-df204eaf4b8f}.Debug|Any CPU.ActiveCfg = Debug|Any CPU
		{2e4b5c34-d2d6-742f-e6ab-df204eaf4b8f}.Debug|Any CPU.Build.0 = Debug|Any CPU
		{7877ad68-2274-f67b-612d-43e49bead03e}.Debug|Any CPU.ActiveCfg = Debug|Any CPU
		{7877ad68-2274-f67b-612d-43e49bead03e}.Debug|Any CPU.Build.0 = Debug|Any CPU
		{84d8b2b4-0174-1799-071c-47066f5fe551}.Debug|Any CPU.ActiveCfg = Debug|Any CPU
		{84d8b2b4-0174-1799-071c-47066f5fe551}.Debug|Any CPU.Build.0 = Debug|Any CPU
		{54db12e3-ee57-81a3-a554-cbc50e6bcbe9}.Debug|Any CPU.ActiveCfg = Debug|Any CPU
		{54db12e3-ee57-81a3-a554-cbc50e6bcbe9}.Debug|Any CPU.Build.0 = Debug|Any CPU
		{ef173967-afac-30f5-f709-662069bf2fbf}.Debug|Any CPU.ActiveCfg = Debug|Any CPU
		{ef173967-afac-30f5-f709-662069bf2fbf}.Debug|Any CPU.Build.0 = Debug|Any CPU
		{de469e2d-67b8-5b4f-ae30-3cea9e6b3274}.Debug|Any CPU.ActiveCfg = Debug|Any CPU
		{de469e2d-67b8-5b4f-ae30-3cea9e6b3274}.Debug|Any CPU.Build.0 = Debug|Any CPU
		{324646ee-0d83-b360-36c0-64db887ca83d}.Debug|Any CPU.ActiveCfg = Debug|Any CPU
		{324646ee-0d83-b360-36c0-64db887ca83d}.Debug|Any CPU.Build.0 = Debug|Any CPU
		{b733d151-bbe4-6ef3-021f-3b2eee95a305}.Debug|Any CPU.ActiveCfg = Debug|Any CPU
		{b733d151-bbe4-6ef3-021f-3b2eee95a305}.Debug|Any CPU.Build.0 = Debug|Any CPU
		{fe5673f5-d8f3-7f98-9771-9d6b7ec29b61}.Debug|Any CPU.ActiveCfg = Debug|Any CPU
		{fe5673f5-d8f3-7f98-9771-9d6b7ec29b61}.Debug|Any CPU.Build.0 = Debug|Any CPU
		{95335f3b-8fd9-cb09-6c0a-94a791649c0e}.Debug|Any CPU.ActiveCfg = Debug|Any CPU
		{95335f3b-8fd9-cb09-6c0a-94a791649c0e}.Debug|Any CPU.Build.0 = Debug|Any CPU
		{e86d775d-a8c8-2ecf-a2ce-4784f0a1bc44}.Debug|Any CPU.ActiveCfg = Debug|Any CPU
		{e86d775d-a8c8-2ecf-a2ce-4784f0a1bc44}.Debug|Any CPU.Build.0 = Debug|Any CPU
		{6512467e-4a5b-35b2-d9ca-f0bf8f230c44}.Debug|Any CPU.ActiveCfg = Debug|Any CPU
		{6512467e-4a5b-35b2-d9ca-f0bf8f230c44}.Debug|Any CPU.Build.0 = Debug|Any CPU
		{850d81a3-d187-3df7-a1b3-664e39a9aa5b}.Debug|Any CPU.ActiveCfg = Debug|Any CPU
		{850d81a3-d187-3df7-a1b3-664e39a9aa5b}.Debug|Any CPU.Build.0 = Debug|Any CPU
		{d30acdc6-8e91-b19c-7b46-529627fc99e5}.Debug|Any CPU.ActiveCfg = Debug|Any CPU
		{d30acdc6-8e91-b19c-7b46-529627fc99e5}.Debug|Any CPU.Build.0 = Debug|Any CPU
		{29d6ec48-a508-0cba-e196-0503e0bacd9b}.Debug|Any CPU.ActiveCfg = Debug|Any CPU
		{29d6ec48-a508-0cba-e196-0503e0bacd9b}.Debug|Any CPU.Build.0 = Debug|Any CPU
		{95e41e06-fe4f-3141-a937-2083c77e9010}.Debug|Any CPU.ActiveCfg = Debug|Any CPU
		{95e41e06-fe4f-3141-a937-2083c77e9010}.Debug|Any CPU.Build.0 = Debug|Any CPU
		{32b1ea54-e90f-2176-c4cd-5d540bd7f219}.Debug|Any CPU.ActiveCfg = Debug|Any CPU
		{32b1ea54-e90f-2176-c4cd-5d540bd7f219}.Debug|Any CPU.Build.0 = Debug|Any CPU
		{68b4b90c-e889-16f3-671e-2744db3c3429}.Debug|Any CPU.ActiveCfg = Debug|Any CPU
		{68b4b90c-e889-16f3-671e-2744db3c3429}.Debug|Any CPU.Build.0 = Debug|Any CPU
		{bd69069c-f5ed-c6cd-61d2-5dddfe8ab28c}.Debug|Any CPU.ActiveCfg = Debug|Any CPU
		{bd69069c-f5ed-c6cd-61d2-5dddfe8ab28c}.Debug|Any CPU.Build.0 = Debug|Any CPU
		{75aa7fb6-01bc-19af-6820-9a7e521e3f20}.Debug|Any CPU.ActiveCfg = Debug|Any CPU
		{75aa7fb6-01bc-19af-6820-9a7e521e3f20}.Debug|Any CPU.Build.0 = Debug|Any CPU
		{2e87d979-a881-431e-df42-097f52a2c5be}.Debug|Any CPU.ActiveCfg = Debug|Any CPU
		{2e87d979-a881-431e-df42-097f52a2c5be}.Debug|Any CPU.Build.0 = Debug|Any CPU
		{d1d29b76-cbce-68a2-9358-51912d9ab53c}.Debug|Any CPU.ActiveCfg = Debug|Any CPU
		{d1d29b76-cbce-68a2-9358-51912d9ab53c}.Debug|Any CPU.Build.0 = Debug|Any CPU
		{3887c1e5-cee5-8569-438b-851a9d4dc092}.Debug|Any CPU.ActiveCfg = Debug|Any CPU
		{3887c1e5-cee5-8569-438b-851a9d4dc092}.Debug|Any CPU.Build.0 = Debug|Any CPU
		{da12c4ac-38e3-1725-c326-7242971ca7ec}.Debug|Any CPU.ActiveCfg = Debug|Any CPU
		{da12c4ac-38e3-1725-c326-7242971ca7ec}.Debug|Any CPU.Build.0 = Debug|Any CPU
		{aaf39cd4-e64b-4479-df38-cb9a963935de}.Debug|Any CPU.ActiveCfg = Debug|Any CPU
		{aaf39cd4-e64b-4479-df38-cb9a963935de}.Debug|Any CPU.Build.0 = Debug|Any CPU
		{f35cae4e-dc42-7d38-9c59-ef5d51d1813f}.Debug|Any CPU.ActiveCfg = Debug|Any CPU
		{f35cae4e-dc42-7d38-9c59-ef5d51d1813f}.Debug|Any CPU.Build.0 = Debug|Any CPU
		{7bab0da3-1b65-d006-ef8a-5d241359dc1c}.Debug|Any CPU.ActiveCfg = Debug|Any CPU
		{7bab0da3-1b65-d006-ef8a-5d241359dc1c}.Debug|Any CPU.Build.0 = Debug|Any CPU
		{a9001594-9201-0d0b-46d4-7c07c1effbd6}.Debug|Any CPU.ActiveCfg = Debug|Any CPU
		{a9001594-9201-0d0b-46d4-7c07c1effbd6}.Debug|Any CPU.Build.0 = Debug|Any CPU
		{2e6f1ada-8d27-2303-5cd4-011035be1077}.Debug|Any CPU.ActiveCfg = Debug|Any CPU
		{2e6f1ada-8d27-2303-5cd4-011035be1077}.Debug|Any CPU.Build.0 = Debug|Any CPU
		{f8462943-e28f-bb73-df6e-47097fd20635}.Debug|Any CPU.ActiveCfg = Debug|Any CPU
		{f8462943-e28f-bb73-df6e-47097fd20635}.Debug|Any CPU.Build.0 = Debug|Any CPU
		{17430765-5a6d-3085-6dd4-bfb0e602ae0f}.Debug|Any CPU.ActiveCfg = Debug|Any CPU
		{17430765-5a6d-3085-6dd4-bfb0e602ae0f}.Debug|Any CPU.Build.0 = Debug|Any CPU
		{01465a82-d9f7-1cd9-55b2-c69de0d3d738}.Debug|Any CPU.ActiveCfg = Debug|Any CPU
		{01465a82-d9f7-1cd9-55b2-c69de0d3d738}.Debug|Any CPU.Build.0 = Debug|Any CPU
		{0af1f4e5-7759-3ed9-3cf3-32c623c7cedb}.Debug|Any CPU.ActiveCfg = Debug|Any CPU
		{0af1f4e5-7759-3ed9-3cf3-32c623c7cedb}.Debug|Any CPU.Build.0 = Debug|Any CPU
		{c9bb36db-6318-c458-132d-76878536e8bf}.Debug|Any CPU.ActiveCfg = Debug|Any CPU
		{c9bb36db-6318-c458-132d-76878536e8bf}.Debug|Any CPU.Build.0 = Debug|Any CPU
	EndGlobalSection
	GlobalSection(SolutionProperties) = preSolution
		HideSolutionNode = FALSE
	EndGlobalSection
EndGlobal
